// !$*UTF8*$!
{
	archiveVersion = 1;
	classes = {
	};
	objectVersion = 50;
	objects = {

/* Begin PBXBuildFile section */
		5D9D2BC626D4134400805CBB /* LineGraphShape.swift in Sources */ = {isa = PBXBuildFile; fileRef = 5D9D2BC526D4134400805CBB /* LineGraphShape.swift */; };
		5DB41BA026D2EB050074A300 /* SmartHomeApp.swift in Sources */ = {isa = PBXBuildFile; fileRef = 5DB41B9F26D2EB050074A300 /* SmartHomeApp.swift */; };
		5DB41BA226D2EB050074A300 /* ContentView.swift in Sources */ = {isa = PBXBuildFile; fileRef = 5DB41BA126D2EB050074A300 /* ContentView.swift */; };
		5DB41BA426D2EB060074A300 /* Assets.xcassets in Resources */ = {isa = PBXBuildFile; fileRef = 5DB41BA326D2EB060074A300 /* Assets.xcassets */; };
		5DB41BA726D2EB060074A300 /* Preview Assets.xcassets in Resources */ = {isa = PBXBuildFile; fileRef = 5DB41BA626D2EB060074A300 /* Preview Assets.xcassets */; };
		5DB41BAF26D2F21D0074A300 /* Color.swift in Sources */ = {isa = PBXBuildFile; fileRef = 5DB41BAE26D2F21D0074A300 /* Color.swift */; };
		5DB41BB226D2F5C90074A300 /* HomeView.swift in Sources */ = {isa = PBXBuildFile; fileRef = 5DB41BB126D2F5C90074A300 /* HomeView.swift */; };
		5DB41BB426D2F6F70074A300 /* ToolbarView.swift in Sources */ = {isa = PBXBuildFile; fileRef = 5DB41BB326D2F6F70074A300 /* ToolbarView.swift */; };
		5DB41BB626D2FE4E0074A300 /* DataCardView.swift in Sources */ = {isa = PBXBuildFile; fileRef = 5DB41BB526D2FE4E0074A300 /* DataCardView.swift */; };
		5DB41BB826D2FEEA0074A300 /* RoomCardView.swift in Sources */ = {isa = PBXBuildFile; fileRef = 5DB41BB726D2FEEA0074A300 /* RoomCardView.swift */; };
		5DB41BBA26D301300074A300 /* DeviceCardView.swift in Sources */ = {isa = PBXBuildFile; fileRef = 5DB41BB926D301300074A300 /* DeviceCardView.swift */; };
		5DB41BBD26D3CE3A0074A300 /* RoomDetailsView.swift in Sources */ = {isa = PBXBuildFile; fileRef = 5DB41BBC26D3CE3A0074A300 /* RoomDetailsView.swift */; };
		5DB41BBF26D3CF1E0074A300 /* SensorDataCardView.swift in Sources */ = {isa = PBXBuildFile; fileRef = 5DB41BBE26D3CF1E0074A300 /* SensorDataCardView.swift */; };
		5DB41BC126D4004D0074A300 /* PowerChartView.swift in Sources */ = {isa = PBXBuildFile; fileRef = 5DB41BC026D4004D0074A300 /* PowerChartView.swift */; };
		5DF4002126D4DECD000143F0 /* Room.swift in Sources */ = {isa = PBXBuildFile; fileRef = 5DF4002026D4DECD000143F0 /* Room.swift */; };
		5DF4002326D4DF03000143F0 /* Device.swift in Sources */ = {isa = PBXBuildFile; fileRef = 5DF4002226D4DF03000143F0 /* Device.swift */; };
		5DF4002526D4DF6E000143F0 /* Sensor.swift in Sources */ = {isa = PBXBuildFile; fileRef = 5DF4002426D4DF6E000143F0 /* Sensor.swift */; };
		5DF4005526D4F8F6000143F0 /* ModelData.swift in Sources */ = {isa = PBXBuildFile; fileRef = 5DF4005426D4F8F6000143F0 /* ModelData.swift */; };
		5DF4005726D52A1B000143F0 /* Date+Format.swift in Sources */ = {isa = PBXBuildFile; fileRef = 5DF4005626D52A1B000143F0 /* Date+Format.swift */; };
		5DF4005A26D5477B000143F0 /* RoomListView.swift in Sources */ = {isa = PBXBuildFile; fileRef = 5DF4005926D5477B000143F0 /* RoomListView.swift */; };
		5DF4006426D6760F000143F0 /* RoomListItemView.swift in Sources */ = {isa = PBXBuildFile; fileRef = 5DF4006326D6760F000143F0 /* RoomListItemView.swift */; };
/* End PBXBuildFile section */

/* Begin PBXFileReference section */
		5D9D2BC526D4134400805CBB /* LineGraphShape.swift */ = {isa = PBXFileReference; lastKnownFileType = sourcecode.swift; path = LineGraphShape.swift; sourceTree = "<group>"; };
		5DB41B9C26D2EB050074A300 /* SmartHome.app */ = {isa = PBXFileReference; explicitFileType = wrapper.application; includeInIndex = 0; path = SmartHome.app; sourceTree = BUILT_PRODUCTS_DIR; };
		5DB41B9F26D2EB050074A300 /* SmartHomeApp.swift */ = {isa = PBXFileReference; lastKnownFileType = sourcecode.swift; path = SmartHomeApp.swift; sourceTree = "<group>"; };
		5DB41BA126D2EB050074A300 /* ContentView.swift */ = {isa = PBXFileReference; lastKnownFileType = sourcecode.swift; path = ContentView.swift; sourceTree = "<group>"; };
		5DB41BA326D2EB060074A300 /* Assets.xcassets */ = {isa = PBXFileReference; lastKnownFileType = folder.assetcatalog; path = Assets.xcassets; sourceTree = "<group>"; };
		5DB41BA626D2EB060074A300 /* Preview Assets.xcassets */ = {isa = PBXFileReference; lastKnownFileType = folder.assetcatalog; path = "Preview Assets.xcassets"; sourceTree = "<group>"; };
		5DB41BA826D2EB060074A300 /* Info.plist */ = {isa = PBXFileReference; lastKnownFileType = text.plist.xml; path = Info.plist; sourceTree = "<group>"; };
		5DB41BAE26D2F21D0074A300 /* Color.swift */ = {isa = PBXFileReference; fileEncoding = 4; lastKnownFileType = sourcecode.swift; path = Color.swift; sourceTree = "<group>"; };
		5DB41BB126D2F5C90074A300 /* HomeView.swift */ = {isa = PBXFileReference; lastKnownFileType = sourcecode.swift; path = HomeView.swift; sourceTree = "<group>"; };
		5DB41BB326D2F6F70074A300 /* ToolbarView.swift */ = {isa = PBXFileReference; lastKnownFileType = sourcecode.swift; path = ToolbarView.swift; sourceTree = "<group>"; };
		5DB41BB526D2FE4E0074A300 /* DataCardView.swift */ = {isa = PBXFileReference; lastKnownFileType = sourcecode.swift; path = DataCardView.swift; sourceTree = "<group>"; };
		5DB41BB726D2FEEA0074A300 /* RoomCardView.swift */ = {isa = PBXFileReference; lastKnownFileType = sourcecode.swift; path = RoomCardView.swift; sourceTree = "<group>"; };
		5DB41BB926D301300074A300 /* DeviceCardView.swift */ = {isa = PBXFileReference; lastKnownFileType = sourcecode.swift; path = DeviceCardView.swift; sourceTree = "<group>"; };
		5DB41BBC26D3CE3A0074A300 /* RoomDetailsView.swift */ = {isa = PBXFileReference; lastKnownFileType = sourcecode.swift; path = RoomDetailsView.swift; sourceTree = "<group>"; };
		5DB41BBE26D3CF1E0074A300 /* SensorDataCardView.swift */ = {isa = PBXFileReference; lastKnownFileType = sourcecode.swift; path = SensorDataCardView.swift; sourceTree = "<group>"; };
		5DB41BC026D4004D0074A300 /* PowerChartView.swift */ = {isa = PBXFileReference; lastKnownFileType = sourcecode.swift; path = PowerChartView.swift; sourceTree = "<group>"; };
		5DF4002026D4DECD000143F0 /* Room.swift */ = {isa = PBXFileReference; lastKnownFileType = sourcecode.swift; path = Room.swift; sourceTree = "<group>"; };
		5DF4002226D4DF03000143F0 /* Device.swift */ = {isa = PBXFileReference; lastKnownFileType = sourcecode.swift; path = Device.swift; sourceTree = "<group>"; };
		5DF4002426D4DF6E000143F0 /* Sensor.swift */ = {isa = PBXFileReference; lastKnownFileType = sourcecode.swift; path = Sensor.swift; sourceTree = "<group>"; };
		5DF4005426D4F8F6000143F0 /* ModelData.swift */ = {isa = PBXFileReference; lastKnownFileType = sourcecode.swift; path = ModelData.swift; sourceTree = "<group>"; };
		5DF4005626D52A1B000143F0 /* Date+Format.swift */ = {isa = PBXFileReference; lastKnownFileType = sourcecode.swift; path = "Date+Format.swift"; sourceTree = "<group>"; };
		5DF4005926D5477B000143F0 /* RoomListView.swift */ = {isa = PBXFileReference; lastKnownFileType = sourcecode.swift; path = RoomListView.swift; sourceTree = "<group>"; };
		5DF4006326D6760F000143F0 /* RoomListItemView.swift */ = {isa = PBXFileReference; lastKnownFileType = sourcecode.swift; path = RoomListItemView.swift; sourceTree = "<group>"; };
/* End PBXFileReference section */

/* Begin PBXFrameworksBuildPhase section */
		5DB41B9926D2EB050074A300 /* Frameworks */ = {
			isa = PBXFrameworksBuildPhase;
			buildActionMask = 2147483647;
			files = (
			);
			runOnlyForDeploymentPostprocessing = 0;
		};
/* End PBXFrameworksBuildPhase section */

/* Begin PBXGroup section */
		5DB41B9326D2EB050074A300 = {
			isa = PBXGroup;
			children = (
				5DB41B9E26D2EB050074A300 /* SmartHome */,
				5DB41B9D26D2EB050074A300 /* Products */,
			);
			sourceTree = "<group>";
		};
		5DB41B9D26D2EB050074A300 /* Products */ = {
			isa = PBXGroup;
			children = (
				5DB41B9C26D2EB050074A300 /* SmartHome.app */,
			);
			name = Products;
			sourceTree = "<group>";
		};
		5DB41B9E26D2EB050074A300 /* SmartHome */ = {
			isa = PBXGroup;
			children = (
				5DB41BA826D2EB060074A300 /* Info.plist */,
				5DB41BAE26D2F21D0074A300 /* Color.swift */,
				5DB41BA126D2EB050074A300 /* ContentView.swift */,
				5DF4005626D52A1B000143F0 /* Date+Format.swift */,
				5DB41B9F26D2EB050074A300 /* SmartHomeApp.swift */,
				5DB41BA326D2EB060074A300 /* Assets.xcassets */,
				5DB41BB026D2F5BD0074A300 /* Home */,
				5DF4001F26D4DEC1000143F0 /* Model */,
				5DB41BA526D2EB060074A300 /* Preview Content */,
				5DB41BBB26D3CE290074A300 /* RoomDetails */,
				5DF4005826D5476C000143F0 /* RoomList */,
			);
			path = SmartHome;
			sourceTree = "<group>";
		};
		5DB41BA526D2EB060074A300 /* Preview Content */ = {
			isa = PBXGroup;
			children = (
				5DB41BA626D2EB060074A300 /* Preview Assets.xcassets */,
			);
			path = "Preview Content";
			sourceTree = "<group>";
		};
		5DB41BB026D2F5BD0074A300 /* Home */ = {
			isa = PBXGroup;
			children = (
				5DB41BB526D2FE4E0074A300 /* DataCardView.swift */,
				5DB41BB926D301300074A300 /* DeviceCardView.swift */,
				5DB41BB126D2F5C90074A300 /* HomeView.swift */,
				5DB41BB726D2FEEA0074A300 /* RoomCardView.swift */,
				5DB41BB326D2F6F70074A300 /* ToolbarView.swift */,
			);
			path = Home;
			sourceTree = "<group>";
		};
		5DB41BBB26D3CE290074A300 /* RoomDetails */ = {
			isa = PBXGroup;
			children = (
				5DB41BC026D4004D0074A300 /* PowerChartView.swift */,
				5DB41BBC26D3CE3A0074A300 /* RoomDetailsView.swift */,
				5DB41BBE26D3CF1E0074A300 /* SensorDataCardView.swift */,
				5D9D2BC526D4134400805CBB /* LineGraphShape.swift */,
			);
			path = RoomDetails;
			sourceTree = "<group>";
		};
		5DF4001F26D4DEC1000143F0 /* Model */ = {
			isa = PBXGroup;
			children = (
				5DF4002226D4DF03000143F0 /* Device.swift */,
				5DF4005426D4F8F6000143F0 /* ModelData.swift */,
				5DF4002026D4DECD000143F0 /* Room.swift */,
				5DF4002426D4DF6E000143F0 /* Sensor.swift */,
			);
			path = Model;
			sourceTree = "<group>";
		};
		5DF4005826D5476C000143F0 /* RoomList */ = {
			isa = PBXGroup;
			children = (
				5DF4006326D6760F000143F0 /* RoomListItemView.swift */,
				5DF4005926D5477B000143F0 /* RoomListView.swift */,
			);
			path = RoomList;
			sourceTree = "<group>";
		};
/* End PBXGroup section */

/* Begin PBXNativeTarget section */
		5DB41B9B26D2EB050074A300 /* SmartHome */ = {
			isa = PBXNativeTarget;
			buildConfigurationList = 5DB41BAB26D2EB060074A300 /* Build configuration list for PBXNativeTarget "SmartHome" */;
			buildPhases = (
				5DB41B9826D2EB050074A300 /* Sources */,
				5DB41B9926D2EB050074A300 /* Frameworks */,
				5DB41B9A26D2EB050074A300 /* Resources */,
			);
			buildRules = (
			);
			dependencies = (
			);
			name = SmartHome;
			productName = SmartHome;
			productReference = 5DB41B9C26D2EB050074A300 /* SmartHome.app */;
			productType = "com.apple.product-type.application";
		};
/* End PBXNativeTarget section */

/* Begin PBXProject section */
		5DB41B9426D2EB050074A300 /* Project object */ = {
			isa = PBXProject;
			attributes = {
				LastSwiftUpdateCheck = 1250;
				LastUpgradeCheck = 1250;
				TargetAttributes = {
					5DB41B9B26D2EB050074A300 = {
						CreatedOnToolsVersion = 12.5.1;
					};
				};
			};
			buildConfigurationList = 5DB41B9726D2EB050074A300 /* Build configuration list for PBXProject "SmartHome" */;
			compatibilityVersion = "Xcode 9.3";
			developmentRegion = en;
			hasScannedForEncodings = 0;
			knownRegions = (
				en,
				Base,
			);
			mainGroup = 5DB41B9326D2EB050074A300;
			productRefGroup = 5DB41B9D26D2EB050074A300 /* Products */;
			projectDirPath = "";
			projectRoot = "";
			targets = (
				5DB41B9B26D2EB050074A300 /* SmartHome */,
			);
		};
/* End PBXProject section */

/* Begin PBXResourcesBuildPhase section */
		5DB41B9A26D2EB050074A300 /* Resources */ = {
			isa = PBXResourcesBuildPhase;
			buildActionMask = 2147483647;
			files = (
				5DB41BA726D2EB060074A300 /* Preview Assets.xcassets in Resources */,
				5DB41BA426D2EB060074A300 /* Assets.xcassets in Resources */,
			);
			runOnlyForDeploymentPostprocessing = 0;
		};
/* End PBXResourcesBuildPhase section */

/* Begin PBXSourcesBuildPhase section */
		5DB41B9826D2EB050074A300 /* Sources */ = {
			isa = PBXSourcesBuildPhase;
			buildActionMask = 2147483647;
			files = (
				5DB41BA226D2EB050074A300 /* ContentView.swift in Sources */,
				5DF4002526D4DF6E000143F0 /* Sensor.swift in Sources */,
				5DB41BB426D2F6F70074A300 /* ToolbarView.swift in Sources */,
				5DB41BB226D2F5C90074A300 /* HomeView.swift in Sources */,
				5DB41BB626D2FE4E0074A300 /* DataCardView.swift in Sources */,
				5DF4005526D4F8F6000143F0 /* ModelData.swift in Sources */,
				5DB41BBF26D3CF1E0074A300 /* SensorDataCardView.swift in Sources */,
				5DF4002326D4DF03000143F0 /* Device.swift in Sources */,
				5DB41BC126D4004D0074A300 /* PowerChartView.swift in Sources */,
				5DF4002126D4DECD000143F0 /* Room.swift in Sources */,
				5DB41BBA26D301300074A300 /* DeviceCardView.swift in Sources */,
				5DF4005726D52A1B000143F0 /* Date+Format.swift in Sources */,
				5DF4006426D6760F000143F0 /* RoomListItemView.swift in Sources */,
				5DB41BBD26D3CE3A0074A300 /* RoomDetailsView.swift in Sources */,
				5DB41BB826D2FEEA0074A300 /* RoomCardView.swift in Sources */,
				5DB41BA026D2EB050074A300 /* SmartHomeApp.swift in Sources */,
				5DF4005A26D5477B000143F0 /* RoomListView.swift in Sources */,
				5D9D2BC626D4134400805CBB /* LineGraphShape.swift in Sources */,
				5DB41BAF26D2F21D0074A300 /* Color.swift in Sources */,
			);
			runOnlyForDeploymentPostprocessing = 0;
		};
/* End PBXSourcesBuildPhase section */

/* Begin XCBuildConfiguration section */
		5DB41BA926D2EB060074A300 /* Debug */ = {
			isa = XCBuildConfiguration;
			buildSettings = {
				ALWAYS_SEARCH_USER_PATHS = NO;
				CLANG_ANALYZER_NONNULL = YES;
				CLANG_ANALYZER_NUMBER_OBJECT_CONVERSION = YES_AGGRESSIVE;
				CLANG_CXX_LANGUAGE_STANDARD = "gnu++14";
				CLANG_CXX_LIBRARY = "libc++";
				CLANG_ENABLE_MODULES = YES;
				CLANG_ENABLE_OBJC_ARC = YES;
				CLANG_ENABLE_OBJC_WEAK = YES;
				CLANG_WARN_BLOCK_CAPTURE_AUTORELEASING = YES;
				CLANG_WARN_BOOL_CONVERSION = YES;
				CLANG_WARN_COMMA = YES;
				CLANG_WARN_CONSTANT_CONVERSION = YES;
				CLANG_WARN_DEPRECATED_OBJC_IMPLEMENTATIONS = YES;
				CLANG_WARN_DIRECT_OBJC_ISA_USAGE = YES_ERROR;
				CLANG_WARN_DOCUMENTATION_COMMENTS = YES;
				CLANG_WARN_EMPTY_BODY = YES;
				CLANG_WARN_ENUM_CONVERSION = YES;
				CLANG_WARN_INFINITE_RECURSION = YES;
				CLANG_WARN_INT_CONVERSION = YES;
				CLANG_WARN_NON_LITERAL_NULL_CONVERSION = YES;
				CLANG_WARN_OBJC_IMPLICIT_RETAIN_SELF = YES;
				CLANG_WARN_OBJC_LITERAL_CONVERSION = YES;
				CLANG_WARN_OBJC_ROOT_CLASS = YES_ERROR;
				CLANG_WARN_QUOTED_INCLUDE_IN_FRAMEWORK_HEADER = YES;
				CLANG_WARN_RANGE_LOOP_ANALYSIS = YES;
				CLANG_WARN_STRICT_PROTOTYPES = YES;
				CLANG_WARN_SUSPICIOUS_MOVE = YES;
				CLANG_WARN_UNGUARDED_AVAILABILITY = YES_AGGRESSIVE;
				CLANG_WARN_UNREACHABLE_CODE = YES;
				CLANG_WARN__DUPLICATE_METHOD_MATCH = YES;
				COPY_PHASE_STRIP = NO;
				DEBUG_INFORMATION_FORMAT = dwarf;
				ENABLE_STRICT_OBJC_MSGSEND = YES;
				ENABLE_TESTABILITY = YES;
				GCC_C_LANGUAGE_STANDARD = gnu11;
				GCC_DYNAMIC_NO_PIC = NO;
				GCC_NO_COMMON_BLOCKS = YES;
				GCC_OPTIMIZATION_LEVEL = 0;
				GCC_PREPROCESSOR_DEFINITIONS = (
					"DEBUG=1",
					"$(inherited)",
				);
				GCC_WARN_64_TO_32_BIT_CONVERSION = YES;
				GCC_WARN_ABOUT_RETURN_TYPE = YES_ERROR;
				GCC_WARN_UNDECLARED_SELECTOR = YES;
				GCC_WARN_UNINITIALIZED_AUTOS = YES_AGGRESSIVE;
				GCC_WARN_UNUSED_FUNCTION = YES;
				GCC_WARN_UNUSED_VARIABLE = YES;
				IPHONEOS_DEPLOYMENT_TARGET = 14.5;
				MTL_ENABLE_DEBUG_INFO = INCLUDE_SOURCE;
				MTL_FAST_MATH = YES;
				ONLY_ACTIVE_ARCH = YES;
				SDKROOT = iphoneos;
				SWIFT_ACTIVE_COMPILATION_CONDITIONS = DEBUG;
				SWIFT_OPTIMIZATION_LEVEL = "-Onone";
			};
			name = Debug;
		};
		5DB41BAA26D2EB060074A300 /* Release */ = {
			isa = XCBuildConfiguration;
			buildSettings = {
				ALWAYS_SEARCH_USER_PATHS = NO;
				CLANG_ANALYZER_NONNULL = YES;
				CLANG_ANALYZER_NUMBER_OBJECT_CONVERSION = YES_AGGRESSIVE;
				CLANG_CXX_LANGUAGE_STANDARD = "gnu++14";
				CLANG_CXX_LIBRARY = "libc++";
				CLANG_ENABLE_MODULES = YES;
				CLANG_ENABLE_OBJC_ARC = YES;
				CLANG_ENABLE_OBJC_WEAK = YES;
				CLANG_WARN_BLOCK_CAPTURE_AUTORELEASING = YES;
				CLANG_WARN_BOOL_CONVERSION = YES;
				CLANG_WARN_COMMA = YES;
				CLANG_WARN_CONSTANT_CONVERSION = YES;
				CLANG_WARN_DEPRECATED_OBJC_IMPLEMENTATIONS = YES;
				CLANG_WARN_DIRECT_OBJC_ISA_USAGE = YES_ERROR;
				CLANG_WARN_DOCUMENTATION_COMMENTS = YES;
				CLANG_WARN_EMPTY_BODY = YES;
				CLANG_WARN_ENUM_CONVERSION = YES;
				CLANG_WARN_INFINITE_RECURSION = YES;
				CLANG_WARN_INT_CONVERSION = YES;
				CLANG_WARN_NON_LITERAL_NULL_CONVERSION = YES;
				CLANG_WARN_OBJC_IMPLICIT_RETAIN_SELF = YES;
				CLANG_WARN_OBJC_LITERAL_CONVERSION = YES;
				CLANG_WARN_OBJC_ROOT_CLASS = YES_ERROR;
				CLANG_WARN_QUOTED_INCLUDE_IN_FRAMEWORK_HEADER = YES;
				CLANG_WARN_RANGE_LOOP_ANALYSIS = YES;
				CLANG_WARN_STRICT_PROTOTYPES = YES;
				CLANG_WARN_SUSPICIOUS_MOVE = YES;
				CLANG_WARN_UNGUARDED_AVAILABILITY = YES_AGGRESSIVE;
				CLANG_WARN_UNREACHABLE_CODE = YES;
				CLANG_WARN__DUPLICATE_METHOD_MATCH = YES;
				COPY_PHASE_STRIP = NO;
				DEBUG_INFORMATION_FORMAT = "dwarf-with-dsym";
				ENABLE_NS_ASSERTIONS = NO;
				ENABLE_STRICT_OBJC_MSGSEND = YES;
				GCC_C_LANGUAGE_STANDARD = gnu11;
				GCC_NO_COMMON_BLOCKS = YES;
				GCC_WARN_64_TO_32_BIT_CONVERSION = YES;
				GCC_WARN_ABOUT_RETURN_TYPE = YES_ERROR;
				GCC_WARN_UNDECLARED_SELECTOR = YES;
				GCC_WARN_UNINITIALIZED_AUTOS = YES_AGGRESSIVE;
				GCC_WARN_UNUSED_FUNCTION = YES;
				GCC_WARN_UNUSED_VARIABLE = YES;
				IPHONEOS_DEPLOYMENT_TARGET = 14.5;
				MTL_ENABLE_DEBUG_INFO = NO;
				MTL_FAST_MATH = YES;
				SDKROOT = iphoneos;
				SWIFT_COMPILATION_MODE = wholemodule;
				SWIFT_OPTIMIZATION_LEVEL = "-O";
				VALIDATE_PRODUCT = YES;
			};
			name = Release;
		};
		5DB41BAC26D2EB060074A300 /* Debug */ = {
			isa = XCBuildConfiguration;
			buildSettings = {
				ASSETCATALOG_COMPILER_APPICON_NAME = AppIcon;
				ASSETCATALOG_COMPILER_GLOBAL_ACCENT_COLOR_NAME = AccentColor;
				CODE_SIGN_STYLE = Automatic;
				DEVELOPMENT_ASSET_PATHS = "\"SmartHome/Preview Content\"";
				DEVELOPMENT_TEAM = ZJSZZS49UL;
				ENABLE_PREVIEWS = YES;
				INFOPLIST_FILE = SmartHome/Info.plist;
				IPHONEOS_DEPLOYMENT_TARGET = 14.0;
				LD_RUNPATH_SEARCH_PATHS = (
					"$(inherited)",
					"@executable_path/Frameworks",
				);
				PRODUCT_BUNDLE_IDENTIFIER = "Dmitriy-Shmilo.SmartHome";
				PRODUCT_NAME = "$(TARGET_NAME)";
				SWIFT_VERSION = 5.0;
				TARGETED_DEVICE_FAMILY = "1,2";
			};
			name = Debug;
		};
		5DB41BAD26D2EB060074A300 /* Release */ = {
			isa = XCBuildConfiguration;
			buildSettings = {
				ASSETCATALOG_COMPILER_APPICON_NAME = AppIcon;
				ASSETCATALOG_COMPILER_GLOBAL_ACCENT_COLOR_NAME = AccentColor;
				CODE_SIGN_STYLE = Automatic;
				DEVELOPMENT_ASSET_PATHS = "\"SmartHome/Preview Content\"";
				DEVELOPMENT_TEAM = ZJSZZS49UL;
				ENABLE_PREVIEWS = YES;
				INFOPLIST_FILE = SmartHome/Info.plist;
				IPHONEOS_DEPLOYMENT_TARGET = 14.0;
				LD_RUNPATH_SEARCH_PATHS = (
					"$(inherited)",
					"@executable_path/Frameworks",
				);
				PRODUCT_BUNDLE_IDENTIFIER = "Dmitriy-Shmilo.SmartHome";
				PRODUCT_NAME = "$(TARGET_NAME)";
				SWIFT_VERSION = 5.0;
				TARGETED_DEVICE_FAMILY = "1,2";
			};
			name = Release;
		};
/* End XCBuildConfiguration section */

/* Begin XCConfigurationList section */
		5DB41B9726D2EB050074A300 /* Build configuration list for PBXProject "SmartHome" */ = {
			isa = XCConfigurationList;
			buildConfigurations = (
				5DB41BA926D2EB060074A300 /* Debug */,
				5DB41BAA26D2EB060074A300 /* Release */,
			);
			defaultConfigurationIsVisible = 0;
			defaultConfigurationName = Release;
		};
		5DB41BAB26D2EB060074A300 /* Build configuration list for PBXNativeTarget "SmartHome" */ = {
			isa = XCConfigurationList;
			buildConfigurations = (
				5DB41BAC26D2EB060074A300 /* Debug */,
				5DB41BAD26D2EB060074A300 /* Release */,
			);
			defaultConfigurationIsVisible = 0;
			defaultConfigurationName = Release;
		};
/* End XCConfigurationList section */
	};
	rootObject = 5DB41B9426D2EB050074A300 /* Project object */;
}
